// !$*UTF8*$!
{
	archiveVersion = 1;
	classes = {
	};
	objectVersion = 46;
	objects = {

/* Begin PBXBuildFile section */
		F21FD1801DF84180000C5027 /* main.m in Sources */ = {isa = PBXBuildFile; fileRef = F21FD17F1DF84180000C5027 /* main.m */; };
		F21FD1831DF84180000C5027 /* AppDelegate.m in Sources */ = {isa = PBXBuildFile; fileRef = F21FD1821DF84180000C5027 /* AppDelegate.m */; };
		F21FD18B1DF84180000C5027 /* Assets.xcassets in Resources */ = {isa = PBXBuildFile; fileRef = F21FD18A1DF84180000C5027 /* Assets.xcassets */; };
		F21FD18E1DF84180000C5027 /* LaunchScreen.storyboard in Resources */ = {isa = PBXBuildFile; fileRef = F21FD18C1DF84180000C5027 /* LaunchScreen.storyboard */; };
		F21FD19E1DF8426C000C5027 /* WDMainViewController.m in Sources */ = {isa = PBXBuildFile; fileRef = F21FD19C1DF8426C000C5027 /* WDMainViewController.m */; };
		F21FD19F1DF8426C000C5027 /* WDMainViewController.xib in Resources */ = {isa = PBXBuildFile; fileRef = F21FD19D1DF8426C000C5027 /* WDMainViewController.xib */; };
		F21FD1C71DF84755000C5027 /* AFHTTPSessionManager.m in Sources */ = {isa = PBXBuildFile; fileRef = F21FD1A21DF84755000C5027 /* AFHTTPSessionManager.m */; };
		F21FD1C81DF84755000C5027 /* AFNetworkReachabilityManager.m in Sources */ = {isa = PBXBuildFile; fileRef = F21FD1A51DF84755000C5027 /* AFNetworkReachabilityManager.m */; };
		F21FD1C91DF84755000C5027 /* AFSecurityPolicy.m in Sources */ = {isa = PBXBuildFile; fileRef = F21FD1A71DF84755000C5027 /* AFSecurityPolicy.m */; };
		F21FD1CA1DF84755000C5027 /* AFURLRequestSerialization.m in Sources */ = {isa = PBXBuildFile; fileRef = F21FD1A91DF84755000C5027 /* AFURLRequestSerialization.m */; };
		F21FD1CB1DF84755000C5027 /* AFURLResponseSerialization.m in Sources */ = {isa = PBXBuildFile; fileRef = F21FD1AB1DF84755000C5027 /* AFURLResponseSerialization.m */; };
		F21FD1CC1DF84755000C5027 /* AFURLSessionManager.m in Sources */ = {isa = PBXBuildFile; fileRef = F21FD1AD1DF84755000C5027 /* AFURLSessionManager.m */; };
		F21FD1CD1DF84755000C5027 /* JSONModel.m in Sources */ = {isa = PBXBuildFile; fileRef = F21FD1B11DF84755000C5027 /* JSONModel.m */; };
		F21FD1CE1DF84755000C5027 /* JSONModelClassProperty.m in Sources */ = {isa = PBXBuildFile; fileRef = F21FD1B31DF84755000C5027 /* JSONModelClassProperty.m */; };
		F21FD1CF1DF84755000C5027 /* JSONModelError.m in Sources */ = {isa = PBXBuildFile; fileRef = F21FD1B51DF84755000C5027 /* JSONModelError.m */; };
		F21FD1D01DF84755000C5027 /* JSONAPI.m in Sources */ = {isa = PBXBuildFile; fileRef = F21FD1B91DF84755000C5027 /* JSONAPI.m */; };
		F21FD1D11DF84755000C5027 /* JSONHTTPClient.m in Sources */ = {isa = PBXBuildFile; fileRef = F21FD1BB1DF84755000C5027 /* JSONHTTPClient.m */; };
		F21FD1D21DF84755000C5027 /* JSONModel+networking.m in Sources */ = {isa = PBXBuildFile; fileRef = F21FD1BD1DF84755000C5027 /* JSONModel+networking.m */; };
		F21FD1D31DF84755000C5027 /* JSONKeyMapper.m in Sources */ = {isa = PBXBuildFile; fileRef = F21FD1C01DF84755000C5027 /* JSONKeyMapper.m */; };
		F21FD1D41DF84755000C5027 /* JSONValueTransformer.m in Sources */ = {isa = PBXBuildFile; fileRef = F21FD1C21DF84755000C5027 /* JSONValueTransformer.m */; };
		F21FD1D51DF84755000C5027 /* MBProgressHUD.m in Sources */ = {isa = PBXBuildFile; fileRef = F21FD1C61DF84755000C5027 /* MBProgressHUD.m */; };
		F21FD1D81DF848CB000C5027 /* WDAPIClient.m in Sources */ = {isa = PBXBuildFile; fileRef = F21FD1D71DF848CB000C5027 /* WDAPIClient.m */; };
		F21FD1DB1DF84F7E000C5027 /* WDPlacemark.m in Sources */ = {isa = PBXBuildFile; fileRef = F21FD1DA1DF84F7E000C5027 /* WDPlacemark.m */; };
		F21FD1DE1DF84FB4000C5027 /* WDCoordinate.m in Sources */ = {isa = PBXBuildFile; fileRef = F21FD1DD1DF84FB4000C5027 /* WDCoordinate.m */; };
		F21FD1E11DF8591A000C5027 /* WDSession.m in Sources */ = {isa = PBXBuildFile; fileRef = F21FD1E01DF8591A000C5027 /* WDSession.m */; };
		F21FD1E51DF85AE8000C5027 /* WDCarInfoTableViewCell.m in Sources */ = {isa = PBXBuildFile; fileRef = F21FD1E31DF85AE8000C5027 /* WDCarInfoTableViewCell.m */; };
		F21FD1E61DF85AE8000C5027 /* WDCarInfoTableViewCell.xib in Resources */ = {isa = PBXBuildFile; fileRef = F21FD1E41DF85AE8000C5027 /* WDCarInfoTableViewCell.xib */; };
		F21FD1E91DF86BC4000C5027 /* MapKit.framework in Frameworks */ = {isa = PBXBuildFile; fileRef = F21FD1E81DF86BC4000C5027 /* MapKit.framework */; };
/* End PBXBuildFile section */

/* Begin PBXFileReference section */
		F21FD17B1DF84180000C5027 /* Wunder.app */ = {isa = PBXFileReference; explicitFileType = wrapper.application; includeInIndex = 0; path = Wunder.app; sourceTree = BUILT_PRODUCTS_DIR; };
		F21FD17F1DF84180000C5027 /* main.m */ = {isa = PBXFileReference; lastKnownFileType = sourcecode.c.objc; path = main.m; sourceTree = "<group>"; };
		F21FD1811DF84180000C5027 /* AppDelegate.h */ = {isa = PBXFileReference; lastKnownFileType = sourcecode.c.h; path = AppDelegate.h; sourceTree = "<group>"; };
		F21FD1821DF84180000C5027 /* AppDelegate.m */ = {isa = PBXFileReference; lastKnownFileType = sourcecode.c.objc; path = AppDelegate.m; sourceTree = "<group>"; };
		F21FD18A1DF84180000C5027 /* Assets.xcassets */ = {isa = PBXFileReference; lastKnownFileType = folder.assetcatalog; path = Assets.xcassets; sourceTree = "<group>"; };
		F21FD18D1DF84180000C5027 /* Base */ = {isa = PBXFileReference; lastKnownFileType = file.storyboard; name = Base; path = Base.lproj/LaunchScreen.storyboard; sourceTree = "<group>"; };
		F21FD18F1DF84180000C5027 /* Info.plist */ = {isa = PBXFileReference; lastKnownFileType = text.plist.xml; path = Info.plist; sourceTree = "<group>"; };
		F21FD19B1DF8426C000C5027 /* WDMainViewController.h */ = {isa = PBXFileReference; fileEncoding = 4; lastKnownFileType = sourcecode.c.h; path = WDMainViewController.h; sourceTree = "<group>"; };
		F21FD19C1DF8426C000C5027 /* WDMainViewController.m */ = {isa = PBXFileReference; fileEncoding = 4; lastKnownFileType = sourcecode.c.objc; path = WDMainViewController.m; sourceTree = "<group>"; };
		F21FD19D1DF8426C000C5027 /* WDMainViewController.xib */ = {isa = PBXFileReference; fileEncoding = 4; lastKnownFileType = file.xib; path = WDMainViewController.xib; sourceTree = "<group>"; };
		F21FD1A11DF84755000C5027 /* AFHTTPSessionManager.h */ = {isa = PBXFileReference; fileEncoding = 4; lastKnownFileType = sourcecode.c.h; path = AFHTTPSessionManager.h; sourceTree = "<group>"; };
		F21FD1A21DF84755000C5027 /* AFHTTPSessionManager.m */ = {isa = PBXFileReference; fileEncoding = 4; lastKnownFileType = sourcecode.c.objc; path = AFHTTPSessionManager.m; sourceTree = "<group>"; };
		F21FD1A31DF84755000C5027 /* AFNetworking.h */ = {isa = PBXFileReference; fileEncoding = 4; lastKnownFileType = sourcecode.c.h; path = AFNetworking.h; sourceTree = "<group>"; };
		F21FD1A41DF84755000C5027 /* AFNetworkReachabilityManager.h */ = {isa = PBXFileReference; fileEncoding = 4; lastKnownFileType = sourcecode.c.h; path = AFNetworkReachabilityManager.h; sourceTree = "<group>"; };
		F21FD1A51DF84755000C5027 /* AFNetworkReachabilityManager.m */ = {isa = PBXFileReference; fileEncoding = 4; lastKnownFileType = sourcecode.c.objc; path = AFNetworkReachabilityManager.m; sourceTree = "<group>"; };
		F21FD1A61DF84755000C5027 /* AFSecurityPolicy.h */ = {isa = PBXFileReference; fileEncoding = 4; lastKnownFileType = sourcecode.c.h; path = AFSecurityPolicy.h; sourceTree = "<group>"; };
		F21FD1A71DF84755000C5027 /* AFSecurityPolicy.m */ = {isa = PBXFileReference; fileEncoding = 4; lastKnownFileType = sourcecode.c.objc; path = AFSecurityPolicy.m; sourceTree = "<group>"; };
		F21FD1A81DF84755000C5027 /* AFURLRequestSerialization.h */ = {isa = PBXFileReference; fileEncoding = 4; lastKnownFileType = sourcecode.c.h; path = AFURLRequestSerialization.h; sourceTree = "<group>"; };
		F21FD1A91DF84755000C5027 /* AFURLRequestSerialization.m */ = {isa = PBXFileReference; fileEncoding = 4; lastKnownFileType = sourcecode.c.objc; path = AFURLRequestSerialization.m; sourceTree = "<group>"; };
		F21FD1AA1DF84755000C5027 /* AFURLResponseSerialization.h */ = {isa = PBXFileReference; fileEncoding = 4; lastKnownFileType = sourcecode.c.h; path = AFURLResponseSerialization.h; sourceTree = "<group>"; };
		F21FD1AB1DF84755000C5027 /* AFURLResponseSerialization.m */ = {isa = PBXFileReference; fileEncoding = 4; lastKnownFileType = sourcecode.c.objc; path = AFURLResponseSerialization.m; sourceTree = "<group>"; };
		F21FD1AC1DF84755000C5027 /* AFURLSessionManager.h */ = {isa = PBXFileReference; fileEncoding = 4; lastKnownFileType = sourcecode.c.h; path = AFURLSessionManager.h; sourceTree = "<group>"; };
		F21FD1AD1DF84755000C5027 /* AFURLSessionManager.m */ = {isa = PBXFileReference; fileEncoding = 4; lastKnownFileType = sourcecode.c.objc; path = AFURLSessionManager.m; sourceTree = "<group>"; };
		F21FD1B01DF84755000C5027 /* JSONModel.h */ = {isa = PBXFileReference; fileEncoding = 4; lastKnownFileType = sourcecode.c.h; path = JSONModel.h; sourceTree = "<group>"; };
		F21FD1B11DF84755000C5027 /* JSONModel.m */ = {isa = PBXFileReference; fileEncoding = 4; lastKnownFileType = sourcecode.c.objc; path = JSONModel.m; sourceTree = "<group>"; };
		F21FD1B21DF84755000C5027 /* JSONModelClassProperty.h */ = {isa = PBXFileReference; fileEncoding = 4; lastKnownFileType = sourcecode.c.h; path = JSONModelClassProperty.h; sourceTree = "<group>"; };
		F21FD1B31DF84755000C5027 /* JSONModelClassProperty.m */ = {isa = PBXFileReference; fileEncoding = 4; lastKnownFileType = sourcecode.c.objc; path = JSONModelClassProperty.m; sourceTree = "<group>"; };
		F21FD1B41DF84755000C5027 /* JSONModelError.h */ = {isa = PBXFileReference; fileEncoding = 4; lastKnownFileType = sourcecode.c.h; path = JSONModelError.h; sourceTree = "<group>"; };
		F21FD1B51DF84755000C5027 /* JSONModelError.m */ = {isa = PBXFileReference; fileEncoding = 4; lastKnownFileType = sourcecode.c.objc; path = JSONModelError.m; sourceTree = "<group>"; };
		F21FD1B61DF84755000C5027 /* JSONModelLib.h */ = {isa = PBXFileReference; fileEncoding = 4; lastKnownFileType = sourcecode.c.h; path = JSONModelLib.h; sourceTree = "<group>"; };
		F21FD1B81DF84755000C5027 /* JSONAPI.h */ = {isa = PBXFileReference; fileEncoding = 4; lastKnownFileType = sourcecode.c.h; path = JSONAPI.h; sourceTree = "<group>"; };
		F21FD1B91DF84755000C5027 /* JSONAPI.m */ = {isa = PBXFileReference; fileEncoding = 4; lastKnownFileType = sourcecode.c.objc; path = JSONAPI.m; sourceTree = "<group>"; };
		F21FD1BA1DF84755000C5027 /* JSONHTTPClient.h */ = {isa = PBXFileReference; fileEncoding = 4; lastKnownFileType = sourcecode.c.h; path = JSONHTTPClient.h; sourceTree = "<group>"; };
		F21FD1BB1DF84755000C5027 /* JSONHTTPClient.m */ = {isa = PBXFileReference; fileEncoding = 4; lastKnownFileType = sourcecode.c.objc; path = JSONHTTPClient.m; sourceTree = "<group>"; };
		F21FD1BC1DF84755000C5027 /* JSONModel+networking.h */ = {isa = PBXFileReference; fileEncoding = 4; lastKnownFileType = sourcecode.c.h; path = "JSONModel+networking.h"; sourceTree = "<group>"; };
		F21FD1BD1DF84755000C5027 /* JSONModel+networking.m */ = {isa = PBXFileReference; fileEncoding = 4; lastKnownFileType = sourcecode.c.objc; path = "JSONModel+networking.m"; sourceTree = "<group>"; };
		F21FD1BF1DF84755000C5027 /* JSONKeyMapper.h */ = {isa = PBXFileReference; fileEncoding = 4; lastKnownFileType = sourcecode.c.h; path = JSONKeyMapper.h; sourceTree = "<group>"; };
		F21FD1C01DF84755000C5027 /* JSONKeyMapper.m */ = {isa = PBXFileReference; fileEncoding = 4; lastKnownFileType = sourcecode.c.objc; path = JSONKeyMapper.m; sourceTree = "<group>"; };
		F21FD1C11DF84755000C5027 /* JSONValueTransformer.h */ = {isa = PBXFileReference; fileEncoding = 4; lastKnownFileType = sourcecode.c.h; path = JSONValueTransformer.h; sourceTree = "<group>"; };
		F21FD1C21DF84755000C5027 /* JSONValueTransformer.m */ = {isa = PBXFileReference; fileEncoding = 4; lastKnownFileType = sourcecode.c.objc; path = JSONValueTransformer.m; sourceTree = "<group>"; };
		F21FD1C31DF84755000C5027 /* module.modulemap */ = {isa = PBXFileReference; fileEncoding = 4; lastKnownFileType = "sourcecode.module-map"; path = module.modulemap; sourceTree = "<group>"; };
		F21FD1C51DF84755000C5027 /* MBProgressHUD.h */ = {isa = PBXFileReference; fileEncoding = 4; lastKnownFileType = sourcecode.c.h; path = MBProgressHUD.h; sourceTree = "<group>"; };
		F21FD1C61DF84755000C5027 /* MBProgressHUD.m */ = {isa = PBXFileReference; fileEncoding = 4; lastKnownFileType = sourcecode.c.objc; path = MBProgressHUD.m; sourceTree = "<group>"; };
		F21FD1D61DF848CB000C5027 /* WDAPIClient.h */ = {isa = PBXFileReference; fileEncoding = 4; lastKnownFileType = sourcecode.c.h; path = WDAPIClient.h; sourceTree = "<group>"; };
		F21FD1D71DF848CB000C5027 /* WDAPIClient.m */ = {isa = PBXFileReference; fileEncoding = 4; lastKnownFileType = sourcecode.c.objc; path = WDAPIClient.m; sourceTree = "<group>"; };
		F21FD1D91DF84F7E000C5027 /* WDPlacemark.h */ = {isa = PBXFileReference; fileEncoding = 4; lastKnownFileType = sourcecode.c.h; path = WDPlacemark.h; sourceTree = "<group>"; };
		F21FD1DA1DF84F7E000C5027 /* WDPlacemark.m */ = {isa = PBXFileReference; fileEncoding = 4; lastKnownFileType = sourcecode.c.objc; path = WDPlacemark.m; sourceTree = "<group>"; };
		F21FD1DC1DF84FB4000C5027 /* WDCoordinate.h */ = {isa = PBXFileReference; fileEncoding = 4; lastKnownFileType = sourcecode.c.h; path = WDCoordinate.h; sourceTree = "<group>"; };
		F21FD1DD1DF84FB4000C5027 /* WDCoordinate.m */ = {isa = PBXFileReference; fileEncoding = 4; lastKnownFileType = sourcecode.c.objc; path = WDCoordinate.m; sourceTree = "<group>"; };
		F21FD1DF1DF8591A000C5027 /* WDSession.h */ = {isa = PBXFileReference; fileEncoding = 4; lastKnownFileType = sourcecode.c.h; path = WDSession.h; sourceTree = "<group>"; };
		F21FD1E01DF8591A000C5027 /* WDSession.m */ = {isa = PBXFileReference; fileEncoding = 4; lastKnownFileType = sourcecode.c.objc; path = WDSession.m; sourceTree = "<group>"; };
		F21FD1E21DF85AE8000C5027 /* WDCarInfoTableViewCell.h */ = {isa = PBXFileReference; fileEncoding = 4; lastKnownFileType = sourcecode.c.h; path = WDCarInfoTableViewCell.h; sourceTree = "<group>"; };
		F21FD1E31DF85AE8000C5027 /* WDCarInfoTableViewCell.m */ = {isa = PBXFileReference; fileEncoding = 4; lastKnownFileType = sourcecode.c.objc; path = WDCarInfoTableViewCell.m; sourceTree = "<group>"; };
		F21FD1E41DF85AE8000C5027 /* WDCarInfoTableViewCell.xib */ = {isa = PBXFileReference; fileEncoding = 4; lastKnownFileType = file.xib; path = WDCarInfoTableViewCell.xib; sourceTree = "<group>"; };
		F21FD1E81DF86BC4000C5027 /* MapKit.framework */ = {isa = PBXFileReference; lastKnownFileType = wrapper.framework; name = MapKit.framework; path = System/Library/Frameworks/MapKit.framework; sourceTree = SDKROOT; };
/* End PBXFileReference section */

/* Begin PBXFrameworksBuildPhase section */
		F21FD1781DF8417E000C5027 /* Frameworks */ = {
			isa = PBXFrameworksBuildPhase;
			buildActionMask = 2147483647;
			files = (
				F21FD1E91DF86BC4000C5027 /* MapKit.framework in Frameworks */,
			);
			runOnlyForDeploymentPostprocessing = 0;
		};
/* End PBXFrameworksBuildPhase section */

/* Begin PBXGroup section */
		F21FD1721DF8417E000C5027 = {
			isa = PBXGroup;
			children = (
				F21FD17D1DF84180000C5027 /* Wunder */,
				F21FD17C1DF84180000C5027 /* Products */,
				F21FD1E71DF86BC3000C5027 /* Frameworks */,
			);
			sourceTree = "<group>";
		};
		F21FD17C1DF84180000C5027 /* Products */ = {
			isa = PBXGroup;
			children = (
				F21FD17B1DF84180000C5027 /* Wunder.app */,
			);
			name = Products;
			sourceTree = "<group>";
		};
		F21FD17D1DF84180000C5027 /* Wunder */ = {
			isa = PBXGroup;
			children = (
				F21FD1811DF84180000C5027 /* AppDelegate.h */,
				F21FD1821DF84180000C5027 /* AppDelegate.m */,
				F21FD1951DF84220000C5027 /* Classes */,
				F21FD18A1DF84180000C5027 /* Assets.xcassets */,
				F21FD18C1DF84180000C5027 /* LaunchScreen.storyboard */,
				F21FD18F1DF84180000C5027 /* Info.plist */,
				F21FD17E1DF84180000C5027 /* Supporting Files */,
			);
			path = Wunder;
			sourceTree = "<group>";
		};
		F21FD17E1DF84180000C5027 /* Supporting Files */ = {
			isa = PBXGroup;
			children = (
				F21FD17F1DF84180000C5027 /* main.m */,
			);
			name = "Supporting Files";
			sourceTree = "<group>";
		};
		F21FD1951DF84220000C5027 /* Classes */ = {
			isa = PBXGroup;
			children = (
				F21FD1961DF84220000C5027 /* Categories */,
				F21FD1971DF84220000C5027 /* Helpers */,
				F21FD1981DF84220000C5027 /* Model */,
				F21FD1991DF84220000C5027 /* View Controllers */,
				F21FD19A1DF84220000C5027 /* Views */,
			);
			path = Classes;
			sourceTree = "<group>";
		};
		F21FD1961DF84220000C5027 /* Categories */ = {
			isa = PBXGroup;
			children = (
			);
			path = Categories;
			sourceTree = "<group>";
		};
		F21FD1971DF84220000C5027 /* Helpers */ = {
			isa = PBXGroup;
			children = (
				F21FD1A01DF84755000C5027 /* AFNetworking */,
				F21FD1AE1DF84755000C5027 /* JSONModel */,
				F21FD1C41DF84755000C5027 /* MBProgressHUD */,
			);
			path = Helpers;
			sourceTree = "<group>";
		};
		F21FD1981DF84220000C5027 /* Model */ = {
			isa = PBXGroup;
			children = (
				F21FD1D61DF848CB000C5027 /* WDAPIClient.h */,
				F21FD1D71DF848CB000C5027 /* WDAPIClient.m */,
				F21FD1DF1DF8591A000C5027 /* WDSession.h */,
				F21FD1E01DF8591A000C5027 /* WDSession.m */,
				F21FD1D91DF84F7E000C5027 /* WDPlacemark.h */,
				F21FD1DA1DF84F7E000C5027 /* WDPlacemark.m */,
				F21FD1DC1DF84FB4000C5027 /* WDCoordinate.h */,
				F21FD1DD1DF84FB4000C5027 /* WDCoordinate.m */,
			);
			path = Model;
			sourceTree = "<group>";
		};
		F21FD1991DF84220000C5027 /* View Controllers */ = {
			isa = PBXGroup;
			children = (
				F21FD19B1DF8426C000C5027 /* WDMainViewController.h */,
				F21FD19C1DF8426C000C5027 /* WDMainViewController.m */,
				F21FD19D1DF8426C000C5027 /* WDMainViewController.xib */,
			);
			path = "View Controllers";
			sourceTree = "<group>";
		};
		F21FD19A1DF84220000C5027 /* Views */ = {
			isa = PBXGroup;
			children = (
				F21FD1E21DF85AE8000C5027 /* WDCarInfoTableViewCell.h */,
				F21FD1E31DF85AE8000C5027 /* WDCarInfoTableViewCell.m */,
				F21FD1E41DF85AE8000C5027 /* WDCarInfoTableViewCell.xib */,
			);
			path = Views;
			sourceTree = "<group>";
		};
		F21FD1A01DF84755000C5027 /* AFNetworking */ = {
			isa = PBXGroup;
			children = (
				F21FD1A11DF84755000C5027 /* AFHTTPSessionManager.h */,
				F21FD1A21DF84755000C5027 /* AFHTTPSessionManager.m */,
				F21FD1A31DF84755000C5027 /* AFNetworking.h */,
				F21FD1A41DF84755000C5027 /* AFNetworkReachabilityManager.h */,
				F21FD1A51DF84755000C5027 /* AFNetworkReachabilityManager.m */,
				F21FD1A61DF84755000C5027 /* AFSecurityPolicy.h */,
				F21FD1A71DF84755000C5027 /* AFSecurityPolicy.m */,
				F21FD1A81DF84755000C5027 /* AFURLRequestSerialization.h */,
				F21FD1A91DF84755000C5027 /* AFURLRequestSerialization.m */,
				F21FD1AA1DF84755000C5027 /* AFURLResponseSerialization.h */,
				F21FD1AB1DF84755000C5027 /* AFURLResponseSerialization.m */,
				F21FD1AC1DF84755000C5027 /* AFURLSessionManager.h */,
				F21FD1AD1DF84755000C5027 /* AFURLSessionManager.m */,
			);
			path = AFNetworking;
			sourceTree = "<group>";
		};
		F21FD1AE1DF84755000C5027 /* JSONModel */ = {
			isa = PBXGroup;
			children = (
				F21FD1AF1DF84755000C5027 /* JSONModel */,
				F21FD1B61DF84755000C5027 /* JSONModelLib.h */,
				F21FD1B71DF84755000C5027 /* JSONModelNetworking */,
				F21FD1BE1DF84755000C5027 /* JSONModelTransformations */,
				F21FD1C31DF84755000C5027 /* module.modulemap */,
			);
			path = JSONModel;
			sourceTree = "<group>";
		};
		F21FD1AF1DF84755000C5027 /* JSONModel */ = {
			isa = PBXGroup;
			children = (
				F21FD1B01DF84755000C5027 /* JSONModel.h */,
				F21FD1B11DF84755000C5027 /* JSONModel.m */,
				F21FD1B21DF84755000C5027 /* JSONModelClassProperty.h */,
				F21FD1B31DF84755000C5027 /* JSONModelClassProperty.m */,
				F21FD1B41DF84755000C5027 /* JSONModelError.h */,
				F21FD1B51DF84755000C5027 /* JSONModelError.m */,
			);
			path = JSONModel;
			sourceTree = "<group>";
		};
		F21FD1B71DF84755000C5027 /* JSONModelNetworking */ = {
			isa = PBXGroup;
			children = (
				F21FD1B81DF84755000C5027 /* JSONAPI.h */,
				F21FD1B91DF84755000C5027 /* JSONAPI.m */,
				F21FD1BA1DF84755000C5027 /* JSONHTTPClient.h */,
				F21FD1BB1DF84755000C5027 /* JSONHTTPClient.m */,
				F21FD1BC1DF84755000C5027 /* JSONModel+networking.h */,
				F21FD1BD1DF84755000C5027 /* JSONModel+networking.m */,
			);
			path = JSONModelNetworking;
			sourceTree = "<group>";
		};
		F21FD1BE1DF84755000C5027 /* JSONModelTransformations */ = {
			isa = PBXGroup;
			children = (
				F21FD1BF1DF84755000C5027 /* JSONKeyMapper.h */,
				F21FD1C01DF84755000C5027 /* JSONKeyMapper.m */,
				F21FD1C11DF84755000C5027 /* JSONValueTransformer.h */,
				F21FD1C21DF84755000C5027 /* JSONValueTransformer.m */,
			);
			path = JSONModelTransformations;
			sourceTree = "<group>";
		};
		F21FD1C41DF84755000C5027 /* MBProgressHUD */ = {
			isa = PBXGroup;
			children = (
				F21FD1C51DF84755000C5027 /* MBProgressHUD.h */,
				F21FD1C61DF84755000C5027 /* MBProgressHUD.m */,
			);
			path = MBProgressHUD;
			sourceTree = "<group>";
		};
		F21FD1E71DF86BC3000C5027 /* Frameworks */ = {
			isa = PBXGroup;
			children = (
				F21FD1E81DF86BC4000C5027 /* MapKit.framework */,
			);
			name = Frameworks;
			sourceTree = "<group>";
		};
/* End PBXGroup section */

/* Begin PBXNativeTarget section */
		F21FD17A1DF8417E000C5027 /* Wunder */ = {
			isa = PBXNativeTarget;
			buildConfigurationList = F21FD1921DF84180000C5027 /* Build configuration list for PBXNativeTarget "Wunder" */;
			buildPhases = (
				F21FD1771DF8417E000C5027 /* Sources */,
				F21FD1781DF8417E000C5027 /* Frameworks */,
				F21FD1791DF8417E000C5027 /* Resources */,
			);
			buildRules = (
			);
			dependencies = (
			);
			name = Wunder;
			productName = Wunder;
			productReference = F21FD17B1DF84180000C5027 /* Wunder.app */;
			productType = "com.apple.product-type.application";
		};
/* End PBXNativeTarget section */

/* Begin PBXProject section */
		F21FD1731DF8417E000C5027 /* Project object */ = {
			isa = PBXProject;
			attributes = {
				LastUpgradeCheck = 0810;
				ORGANIZATIONNAME = Home;
				TargetAttributes = {
					F21FD17A1DF8417E000C5027 = {
						CreatedOnToolsVersion = 8.1;
						ProvisioningStyle = Automatic;
					};
				};
			};
			buildConfigurationList = F21FD1761DF8417E000C5027 /* Build configuration list for PBXProject "Wunder" */;
			compatibilityVersion = "Xcode 3.2";
			developmentRegion = English;
			hasScannedForEncodings = 0;
			knownRegions = (
				en,
				Base,
			);
			mainGroup = F21FD1721DF8417E000C5027;
			productRefGroup = F21FD17C1DF84180000C5027 /* Products */;
			projectDirPath = "";
			projectRoot = "";
			targets = (
				F21FD17A1DF8417E000C5027 /* Wunder */,
			);
		};
/* End PBXProject section */

/* Begin PBXResourcesBuildPhase section */
		F21FD1791DF8417E000C5027 /* Resources */ = {
			isa = PBXResourcesBuildPhase;
			buildActionMask = 2147483647;
			files = (
				F21FD18E1DF84180000C5027 /* LaunchScreen.storyboard in Resources */,
				F21FD18B1DF84180000C5027 /* Assets.xcassets in Resources */,
				F21FD19F1DF8426C000C5027 /* WDMainViewController.xib in Resources */,
				F21FD1E61DF85AE8000C5027 /* WDCarInfoTableViewCell.xib in Resources */,
			);
			runOnlyForDeploymentPostprocessing = 0;
		};
/* End PBXResourcesBuildPhase section */

/* Begin PBXSourcesBuildPhase section */
		F21FD1771DF8417E000C5027 /* Sources */ = {
			isa = PBXSourcesBuildPhase;
			buildActionMask = 2147483647;
			files = (
				F21FD1D41DF84755000C5027 /* JSONValueTransformer.m in Sources */,
				F21FD1D11DF84755000C5027 /* JSONHTTPClient.m in Sources */,
				F21FD1CF1DF84755000C5027 /* JSONModelError.m in Sources */,
				F21FD1DE1DF84FB4000C5027 /* WDCoordinate.m in Sources */,
				F21FD1D31DF84755000C5027 /* JSONKeyMapper.m in Sources */,
				F21FD1CC1DF84755000C5027 /* AFURLSessionManager.m in Sources */,
				F21FD1E51DF85AE8000C5027 /* WDCarInfoTableViewCell.m in Sources */,
				F21FD1831DF84180000C5027 /* AppDelegate.m in Sources */,
				F21FD1801DF84180000C5027 /* main.m in Sources */,
				F21FD1DB1DF84F7E000C5027 /* WDPlacemark.m in Sources */,
				F21FD1C81DF84755000C5027 /* AFNetworkReachabilityManager.m in Sources */,
				F21FD1CE1DF84755000C5027 /* JSONModelClassProperty.m in Sources */,
				F21FD1D21DF84755000C5027 /* JSONModel+networking.m in Sources */,
				F21FD19E1DF8426C000C5027 /* WDMainViewController.m in Sources */,
				F21FD1D81DF848CB000C5027 /* WDAPIClient.m in Sources */,
				F21FD1D01DF84755000C5027 /* JSONAPI.m in Sources */,
				F21FD1C91DF84755000C5027 /* AFSecurityPolicy.m in Sources */,
				F21FD1D51DF84755000C5027 /* MBProgressHUD.m in Sources */,
				F21FD1CA1DF84755000C5027 /* AFURLRequestSerialization.m in Sources */,
				F21FD1CB1DF84755000C5027 /* AFURLResponseSerialization.m in Sources */,
				F21FD1E11DF8591A000C5027 /* WDSession.m in Sources */,
				F21FD1C71DF84755000C5027 /* AFHTTPSessionManager.m in Sources */,
				F21FD1CD1DF84755000C5027 /* JSONModel.m in Sources */,
			);
			runOnlyForDeploymentPostprocessing = 0;
		};
/* End PBXSourcesBuildPhase section */

/* Begin PBXVariantGroup section */
		F21FD18C1DF84180000C5027 /* LaunchScreen.storyboard */ = {
			isa = PBXVariantGroup;
			children = (
				F21FD18D1DF84180000C5027 /* Base */,
			);
			name = LaunchScreen.storyboard;
			sourceTree = "<group>";
		};
/* End PBXVariantGroup section */

/* Begin XCBuildConfiguration section */
		F21FD1901DF84180000C5027 /* Debug */ = {
			isa = XCBuildConfiguration;
			buildSettings = {
				ALWAYS_SEARCH_USER_PATHS = NO;
				CLANG_ANALYZER_NONNULL = YES;
				CLANG_CXX_LANGUAGE_STANDARD = "gnu++0x";
				CLANG_CXX_LIBRARY = "libc++";
				CLANG_ENABLE_MODULES = YES;
				CLANG_ENABLE_OBJC_ARC = YES;
				CLANG_WARN_BOOL_CONVERSION = YES;
				CLANG_WARN_CONSTANT_CONVERSION = YES;
				CLANG_WARN_DIRECT_OBJC_ISA_USAGE = YES_ERROR;
				CLANG_WARN_DOCUMENTATION_COMMENTS = YES;
				CLANG_WARN_EMPTY_BODY = YES;
				CLANG_WARN_ENUM_CONVERSION = YES;
				CLANG_WARN_INFINITE_RECURSION = YES;
				CLANG_WARN_INT_CONVERSION = YES;
				CLANG_WARN_OBJC_ROOT_CLASS = YES_ERROR;
				CLANG_WARN_SUSPICIOUS_MOVES = YES;
				CLANG_WARN_UNREACHABLE_CODE = YES;
				CLANG_WARN__DUPLICATE_METHOD_MATCH = YES;
				"CODE_SIGN_IDENTITY[sdk=iphoneos*]" = "iPhone Developer";
				COPY_PHASE_STRIP = NO;
				DEBUG_INFORMATION_FORMAT = dwarf;
				ENABLE_STRICT_OBJC_MSGSEND = YES;
				ENABLE_TESTABILITY = YES;
				GCC_C_LANGUAGE_STANDARD = gnu99;
				GCC_DYNAMIC_NO_PIC = NO;
				GCC_NO_COMMON_BLOCKS = YES;
				GCC_OPTIMIZATION_LEVEL = 0;
				GCC_PREPROCESSOR_DEFINITIONS = (
					"DEBUG=1",
					"$(inherited)",
				);
				GCC_WARN_64_TO_32_BIT_CONVERSION = YES;
				GCC_WARN_ABOUT_RETURN_TYPE = YES_ERROR;
				GCC_WARN_UNDECLARED_SELECTOR = YES;
				GCC_WARN_UNINITIALIZED_AUTOS = YES_AGGRESSIVE;
				GCC_WARN_UNUSED_FUNCTION = YES;
				GCC_WARN_UNUSED_VARIABLE = YES;
				IPHONEOS_DEPLOYMENT_TARGET = 10.1;
				MTL_ENABLE_DEBUG_INFO = YES;
				ONLY_ACTIVE_ARCH = YES;
				SDKROOT = iphoneos;
				TARGETED_DEVICE_FAMILY = "1,2";
			};
			name = Debug;
		};
		F21FD1911DF84180000C5027 /* Release */ = {
			isa = XCBuildConfiguration;
			buildSettings = {
				ALWAYS_SEARCH_USER_PATHS = NO;
				CLANG_ANALYZER_NONNULL = YES;
				CLANG_CXX_LANGUAGE_STANDARD = "gnu++0x";
				CLANG_CXX_LIBRARY = "libc++";
				CLANG_ENABLE_MODULES = YES;
				CLANG_ENABLE_OBJC_ARC = YES;
				CLANG_WARN_BOOL_CONVERSION = YES;
				CLANG_WARN_CONSTANT_CONVERSION = YES;
				CLANG_WARN_DIRECT_OBJC_ISA_USAGE = YES_ERROR;
				CLANG_WARN_DOCUMENTATION_COMMENTS = YES;
				CLANG_WARN_EMPTY_BODY = YES;
				CLANG_WARN_ENUM_CONVERSION = YES;
				CLANG_WARN_INFINITE_RECURSION = YES;
				CLANG_WARN_INT_CONVERSION = YES;
				CLANG_WARN_OBJC_ROOT_CLASS = YES_ERROR;
				CLANG_WARN_SUSPICIOUS_MOVES = YES;
				CLANG_WARN_UNREACHABLE_CODE = YES;
				CLANG_WARN__DUPLICATE_METHOD_MATCH = YES;
				"CODE_SIGN_IDENTITY[sdk=iphoneos*]" = "iPhone Developer";
				COPY_PHASE_STRIP = NO;
				DEBUG_INFORMATION_FORMAT = "dwarf-with-dsym";
				ENABLE_NS_ASSERTIONS = NO;
				ENABLE_STRICT_OBJC_MSGSEND = YES;
				GCC_C_LANGUAGE_STANDARD = gnu99;
				GCC_NO_COMMON_BLOCKS = YES;
				GCC_WARN_64_TO_32_BIT_CONVERSION = YES;
				GCC_WARN_ABOUT_RETURN_TYPE = YES_ERROR;
				GCC_WARN_UNDECLARED_SELECTOR = YES;
				GCC_WARN_UNINITIALIZED_AUTOS = YES_AGGRESSIVE;
				GCC_WARN_UNUSED_FUNCTION = YES;
				GCC_WARN_UNUSED_VARIABLE = YES;
				IPHONEOS_DEPLOYMENT_TARGET = 10.1;
				MTL_ENABLE_DEBUG_INFO = NO;
				SDKROOT = iphoneos;
				TARGETED_DEVICE_FAMILY = "1,2";
				VALIDATE_PRODUCT = YES;
			};
			name = Release;
		};
		F21FD1931DF84180000C5027 /* Debug */ = {
			isa = XCBuildConfiguration;
			buildSettings = {
				ASSETCATALOG_COMPILER_APPICON_NAME = AppIcon;
				INFOPLIST_FILE = Wunder/Info.plist;
				LD_RUNPATH_SEARCH_PATHS = "$(inherited) @executable_path/Frameworks";
				PRODUCT_BUNDLE_IDENTIFIER = com.Home.Wunder;
				PRODUCT_NAME = "$(TARGET_NAME)";
			};
			name = Debug;
		};
		F21FD1941DF84180000C5027 /* Release */ = {
			isa = XCBuildConfiguration;
			buildSettings = {
				ASSETCATALOG_COMPILER_APPICON_NAME = AppIcon;
				INFOPLIST_FILE = Wunder/Info.plist;
				LD_RUNPATH_SEARCH_PATHS = "$(inherited) @executable_path/Frameworks";
				PRODUCT_BUNDLE_IDENTIFIER = com.Home.Wunder;
				PRODUCT_NAME = "$(TARGET_NAME)";
			};
			name = Release;
		};
/* End XCBuildConfiguration section */

/* Begin XCConfigurationList section */
		F21FD1761DF8417E000C5027 /* Build configuration list for PBXProject "Wunder" */ = {
			isa = XCConfigurationList;
			buildConfigurations = (
				F21FD1901DF84180000C5027 /* Debug */,
				F21FD1911DF84180000C5027 /* Release */,
			);
			defaultConfigurationIsVisible = 0;
			defaultConfigurationName = Release;
		};
		F21FD1921DF84180000C5027 /* Build configuration list for PBXNativeTarget "Wunder" */ = {
			isa = XCConfigurationList;
			buildConfigurations = (
				F21FD1931DF84180000C5027 /* Debug */,
				F21FD1941DF84180000C5027 /* Release */,
			);
			defaultConfigurationIsVisible = 0;
			defaultConfigurationName = Release;
		};
/* End XCConfigurationList section */
	};
	rootObject = F21FD1731DF8417E000C5027 /* Project object */;
}
